
Microsoft Visual Studio Solution File, Format Version 12.00
# Visual Studio Version 18
VisualStudioVersion = 18.0.11205.157
MinimumVisualStudioVersion = 10.0.40219.1
Project("{8BC9CEB8-8B4A-11D0-8D11-00A0C91BC942}") = "MetroidGame", "MetroidGame.vcxproj", "{964C514C-01C8-4645-8049-E32D8890BD56}"
	ProjectSection(ProjectDependencies) = postProject
		{2F8BD461-FC18-493F-8290-DD12B8DA526D} = {2F8BD461-FC18-493F-8290-DD12B8DA526D}
	EndProjectSection
EndProject
Project("{8BC9CEB8-8B4A-11D0-8D11-00A0C91BC942}") = "SDL3", "SDLgit\VisualC\SDL\SDL.vcxproj", "{81CE8DAF-EBB2-4761-8E45-B71ABCCA8C68}"
EndProject
Project("{8BC9CEB8-8B4A-11D0-8D11-00A0C91BC942}") = "SDL3_image", "SDLImageGit\VisualC\SDL_image.vcxproj", "{2BD5534E-00E2-4BEA-AC96-D9A92EA24696}"
EndProject
Project("{8BC9CEB8-8B4A-11D0-8D11-00A0C91BC942}") = "GuiLib", "GuiLib\GuiLib.vcxproj", "{2F8BD461-FC18-493F-8290-DD12B8DA526D}"
EndProject
Project("{8BC9CEB8-8B4A-11D0-8D11-00A0C91BC942}") = "Utils", "Utils\Utils.vcxproj", "{FD937F84-284F-4525-AF41-68CED95DD409}"
EndProject
Project("{8BC9CEB8-8B4A-11D0-8D11-00A0C91BC942}") = "SDL3_ttf", "SDL_ttf\VisualC\SDL_ttf.vcxproj", "{DDDBD07D-DC76-4AF6-8D02-3E2DEB6EE255}"
EndProject
Global
	GlobalSection(SolutionConfigurationPlatforms) = preSolution
		Debug|x64 = Debug|x64
		Debug|x86 = Debug|x86
		Release|x64 = Release|x64
		Release|x86 = Release|x86
	EndGlobalSection
	GlobalSection(ProjectConfigurationPlatforms) = postSolution
		{964C514C-01C8-4645-8049-E32D8890BD56}.Debug|x64.ActiveCfg = Debug|x64
		{964C514C-01C8-4645-8049-E32D8890BD56}.Debug|x64.Build.0 = Debug|x64
		{964C514C-01C8-4645-8049-E32D8890BD56}.Debug|x86.ActiveCfg = Debug|Win32
		{964C514C-01C8-4645-8049-E32D8890BD56}.Debug|x86.Build.0 = Debug|Win32
		{964C514C-01C8-4645-8049-E32D8890BD56}.Release|x64.ActiveCfg = Release|x64
		{964C514C-01C8-4645-8049-E32D8890BD56}.Release|x64.Build.0 = Release|x64
		{964C514C-01C8-4645-8049-E32D8890BD56}.Release|x86.ActiveCfg = Release|Win32
		{964C514C-01C8-4645-8049-E32D8890BD56}.Release|x86.Build.0 = Release|Win32
		{81CE8DAF-EBB2-4761-8E45-B71ABCCA8C68}.Debug|x64.ActiveCfg = Debug|x64
		{81CE8DAF-EBB2-4761-8E45-B71ABCCA8C68}.Debug|x64.Build.0 = Debug|x64
		{81CE8DAF-EBB2-4761-8E45-B71ABCCA8C68}.Debug|x86.ActiveCfg = Debug|Win32
		{81CE8DAF-EBB2-4761-8E45-B71ABCCA8C68}.Debug|x86.Build.0 = Debug|Win32
		{81CE8DAF-EBB2-4761-8E45-B71ABCCA8C68}.Release|x64.ActiveCfg = Release|x64
		{81CE8DAF-EBB2-4761-8E45-B71ABCCA8C68}.Release|x64.Build.0 = Release|x64
		{81CE8DAF-EBB2-4761-8E45-B71ABCCA8C68}.Release|x86.ActiveCfg = Release|Win32
		{81CE8DAF-EBB2-4761-8E45-B71ABCCA8C68}.Release|x86.Build.0 = Release|Win32
		{2BD5534E-00E2-4BEA-AC96-D9A92EA24696}.Debug|x64.ActiveCfg = Debug|x64
		{2BD5534E-00E2-4BEA-AC96-D9A92EA24696}.Debug|x64.Build.0 = Debug|x64
		{2BD5534E-00E2-4BEA-AC96-D9A92EA24696}.Debug|x86.ActiveCfg = Debug|Win32
		{2BD5534E-00E2-4BEA-AC96-D9A92EA24696}.Debug|x86.Build.0 = Debug|Win32
		{2BD5534E-00E2-4BEA-AC96-D9A92EA24696}.Release|x64.ActiveCfg = Release|x64
		{2BD5534E-00E2-4BEA-AC96-D9A92EA24696}.Release|x64.Build.0 = Release|x64
		{2BD5534E-00E2-4BEA-AC96-D9A92EA24696}.Release|x86.ActiveCfg = Release|Win32
		{2BD5534E-00E2-4BEA-AC96-D9A92EA24696}.Release|x86.Build.0 = Release|Win32
		{2F8BD461-FC18-493F-8290-DD12B8DA526D}.Debug|x64.ActiveCfg = Debug|x64
		{2F8BD461-FC18-493F-8290-DD12B8DA526D}.Debug|x64.Build.0 = Debug|x64
		{2F8BD461-FC18-493F-8290-DD12B8DA526D}.Debug|x86.ActiveCfg = Debug|Win32
		{2F8BD461-FC18-493F-8290-DD12B8DA526D}.Debug|x86.Build.0 = Debug|Win32
		{2F8BD461-FC18-493F-8290-DD12B8DA526D}.Release|x64.ActiveCfg = Release|x64
		{2F8BD461-FC18-493F-8290-DD12B8DA526D}.Release|x64.Build.0 = Release|x64
		{2F8BD461-FC18-493F-8290-DD12B8DA526D}.Release|x86.ActiveCfg = Release|Win32
		{2F8BD461-FC18-493F-8290-DD12B8DA526D}.Release|x86.Build.0 = Release|Win32
		{FD937F84-284F-4525-AF41-68CED95DD409}.Debug|x64.ActiveCfg = Debug|x64
		{FD937F84-284F-4525-AF41-68CED95DD409}.Debug|x64.Build.0 = Debug|x64
		{FD937F84-284F-4525-AF41-68CED95DD409}.Debug|x86.ActiveCfg = Debug|Win32
		{FD937F84-284F-4525-AF41-68CED95DD409}.Debug|x86.Build.0 = Debug|Win32
		{FD937F84-284F-4525-AF41-68CED95DD409}.Release|x64.ActiveCfg = Release|x64
		{FD937F84-284F-4525-AF41-68CED95DD409}.Release|x64.Build.0 = Release|x64
		{FD937F84-284F-4525-AF41-68CED95DD409}.Release|x86.ActiveCfg = Release|Win32
		{FD937F84-284F-4525-AF41-68CED95DD409}.Release|x86.Build.0 = Release|Win32
		{DDDBD07D-DC76-4AF6-8D02-3E2DEB6EE255}.Debug|x64.ActiveCfg = Debug|x64
		{DDDBD07D-DC76-4AF6-8D02-3E2DEB6EE255}.Debug|x64.Build.0 = Debug|x64
		{DDDBD07D-DC76-4AF6-8D02-3E2DEB6EE255}.Debug|x86.ActiveCfg = Debug|Win32
		{DDDBD07D-DC76-4AF6-8D02-3E2DEB6EE255}.Debug|x86.Build.0 = Debug|Win32
		{DDDBD07D-DC76-4AF6-8D02-3E2DEB6EE255}.Release|x64.ActiveCfg = Release|x64
		{DDDBD07D-DC76-4AF6-8D02-3E2DEB6EE255}.Release|x64.Build.0 = Release|x64
		{DDDBD07D-DC76-4AF6-8D02-3E2DEB6EE255}.Release|x86.ActiveCfg = Release|Win32
		{DDDBD07D-DC76-4AF6-8D02-3E2DEB6EE255}.Release|x86.Build.0 = Release|Win32
	EndGlobalSection
	GlobalSection(SolutionProperties) = preSolution
		HideSolutionNode = FALSE
	EndGlobalSection
	GlobalSection(ExtensibilityGlobals) = postSolution
		SolutionGuid = {4016E2BE-7E08-4262-9EA8-989C8A5E8CE8}
	EndGlobalSection
EndGlobal
